
Microsoft Visual Studio Solution File, Format Version 12.00
# Visual Studio 15
Project("{FAE04EC0-301F-11D3-BF4B-00C04F79EFBC}") = "JogoUnity", "Assembly-CSharp.csproj", "{B4F63D33-5A49-2C61-6728-B6F7F80F0A99}"
EndProject
Global
	GlobalSection(SolutionConfigurationPlatforms) = preSolution
		Debug|Any CPU = Debug|Any CPU
		Release|Any CPU = Release|Any CPU
	EndGlobalSection
	GlobalSection(ProjectConfigurationPlatforms) = postSolution
		{B4F63D33-5A49-2C61-6728-B6F7F80F0A99}.Debug|Any CPU.ActiveCfg = Debug|Any CPU
		{B4F63D33-5A49-2C61-6728-B6F7F80F0A99}.Debug|Any CPU.Build.0 = Debug|Any CPU
		{B4F63D33-5A49-2C61-6728-B6F7F80F0A99}.Release|Any CPU.ActiveCfg = Release|Any CPU
		{B4F63D33-5A49-2C61-6728-B6F7F80F0A99}.Release|Any CPU.Build.0 = Release|Any CPU
	EndGlobalSection
	GlobalSection(SolutionProperties) = preSolution
		HideSolutionNode = FALSE
	EndGlobalSection
EndGlobal
